
Microsoft Visual Studio Solution File, Format Version 12.00
# Visual Studio Version 17
VisualStudioVersion = 17.9.34616.47
MinimumVisualStudioVersion = 10.0.40219.1
Project("{FAE04EC0-301F-11D3-BF4B-00C04F79EFBC}") = "LI-Info-Page", "LI-Info-Page.csproj", "{A228FE3E-7B6A-49F2-AD43-E3C2A964B46D}"
EndProject
Global
	GlobalSection(SolutionConfigurationPlatforms) = preSolution
		Debug|Any CPU = Debug|Any CPU
		Debug|x64 = Debug|x64
		Debug|x86 = Debug|x86
		Release|Any CPU = Release|Any CPU
		Release|x64 = Release|x64
		Release|x86 = Release|x86
	EndGlobalSection
	GlobalSection(ProjectConfigurationPlatforms) = postSolution
		{A228FE3E-7B6A-49F2-AD43-E3C2A964B46D}.Debug|Any CPU.ActiveCfg = Release|Any CPU
		{A228FE3E-7B6A-49F2-AD43-E3C2A964B46D}.Debug|Any CPU.Build.0 = Release|Any CPU
		{A228FE3E-7B6A-49F2-AD43-E3C2A964B46D}.Debug|x64.ActiveCfg = Debug|x64
		{A228FE3E-7B6A-49F2-AD43-E3C2A964B46D}.Debug|x64.Build.0 = Debug|x64
		{A228FE3E-7B6A-49F2-AD43-E3C2A964B46D}.Debug|x86.ActiveCfg = Debug|Any CPU
		{A228FE3E-7B6A-49F2-AD43-E3C2A964B46D}.Release|Any CPU.ActiveCfg = Release|Any CPU
		{A228FE3E-7B6A-49F2-AD43-E3C2A964B46D}.Release|Any CPU.Build.0 = Release|Any CPU
		{A228FE3E-7B6A-49F2-AD43-E3C2A964B46D}.Release|x64.ActiveCfg = Release|x64
		{A228FE3E-7B6A-49F2-AD43-E3C2A964B46D}.Release|x64.Build.0 = Release|x64
		{A228FE3E-7B6A-49F2-AD43-E3C2A964B46D}.Release|x86.ActiveCfg = Release|Any CPU
	EndGlobalSection
	GlobalSection(SolutionProperties) = preSolution
		HideSolutionNode = FALSE
	EndGlobalSection
	GlobalSection(ExtensibilityGlobals) = postSolution
		SolutionGuid = {C5938BD2-A494-4082-B2A8-77F12300DF89}
	EndGlobalSection
	GlobalSection(MonoDevelopProperties) = preSolution
		Policies = $0
		$0.TextStylePolicy = $7
		$1.inheritsSet = null
		$1.scope = application/x-aspx
		$0.DotNetNamingPolicy = $2
		$2.DirectoryNamespaceAssociation = PrefixedHierarchical
		$3.inheritsSet = null
		$3.scope = text/x-csharp
		$0.CSharpFormattingPolicy = $4
		$4.scope = text/x-csharp
		$5.FileWidth = 80
		$5.TabsToSpaces = True
		$5.scope = text/plain
		$6.inheritsSet = null
		$6.scope = application/x-master-page
		$7.inheritsSet = null
		$7.scope = application/config+xml
		$0.XmlFormattingPolicy = $8
		$8.inheritsSet = null
		$8.scope = application/config+xml
	EndGlobalSection
EndGlobal
